
Microsoft Visual Studio Solution File, Format Version 12.00
# Visual Studio Version 16
VisualStudioVersion = 16.0.30907.101
MinimumVisualStudioVersion = 10.0.40219.1
Project("{FAE04EC0-301F-11D3-BF4B-00C04F79EFBC}") = "MyDictionary", "MyDictionary\MyDictionary.csproj", "{71E0924D-6706-4BF4-BF3F-9763A0CAAED3}"
EndProject
Global
	GlobalSection(SolutionConfigurationPlatforms) = preSolution
		Debug|Any CPU = Debug|Any CPU
		Release|Any CPU = Release|Any CPU
	EndGlobalSection
	GlobalSection(ProjectConfigurationPlatforms) = postSolution
		{71E0924D-6706-4BF4-BF3F-9763A0CAAED3}.Debug|Any CPU.ActiveCfg = Debug|Any CPU
		{71E0924D-6706-4BF4-BF3F-9763A0CAAED3}.Debug|Any CPU.Build.0 = Debug|Any CPU
		{71E0924D-6706-4BF4-BF3F-9763A0CAAED3}.Release|Any CPU.ActiveCfg = Release|Any CPU
		{71E0924D-6706-4BF4-BF3F-9763A0CAAED3}.Release|Any CPU.Build.0 = Release|Any CPU
	EndGlobalSection
	GlobalSection(SolutionProperties) = preSolution
		HideSolutionNode = FALSE
	EndGlobalSection
	GlobalSection(ExtensibilityGlobals) = postSolution
		SolutionGuid = {3E3A38A1-00D1-4881-82A6-63CEC4105590}
	EndGlobalSection
EndGlobal
